// !$*UTF8*$!
{
	archiveVersion = 1;
	classes = {
	};
	objectVersion = 51;
	objects = {

/* Begin PBXBuildFile section */
		74DE4A86258CD2EA00542BA7 /* InitialView.swift in Sources */ = {isa = PBXBuildFile; fileRef = 74DE4A85258CD2EA00542BA7 /* InitialView.swift */; };
		74DE4A8B258CD44F00542BA7 /* StartViewController.swift in Sources */ = {isa = PBXBuildFile; fileRef = 74DE4A89258CD44F00542BA7 /* StartViewController.swift */; };
		74DE4A8C258CD44F00542BA7 /* StartViewController.xib in Resources */ = {isa = PBXBuildFile; fileRef = 74DE4A8A258CD44F00542BA7 /* StartViewController.xib */; };
		74DE4A96258CE7A900542BA7 /* DesignableView.swift in Sources */ = {isa = PBXBuildFile; fileRef = 74DE4A95258CE7A900542BA7 /* DesignableView.swift */; };
		74E8E6B5258CC65F005591B4 /* AppDelegate.swift in Sources */ = {isa = PBXBuildFile; fileRef = 74E8E6B4258CC65F005591B4 /* AppDelegate.swift */; };
		74E8E6B7258CC65F005591B4 /* SceneDelegate.swift in Sources */ = {isa = PBXBuildFile; fileRef = 74E8E6B6258CC65F005591B4 /* SceneDelegate.swift */; };
		74E8E6B9258CC65F005591B4 /* ViewController.swift in Sources */ = {isa = PBXBuildFile; fileRef = 74E8E6B8258CC65F005591B4 /* ViewController.swift */; };
		74E8E6BC258CC65F005591B4 /* Main.storyboard in Resources */ = {isa = PBXBuildFile; fileRef = 74E8E6BA258CC65F005591B4 /* Main.storyboard */; };
		74E8E6BE258CC660005591B4 /* Assets.xcassets in Resources */ = {isa = PBXBuildFile; fileRef = 74E8E6BD258CC660005591B4 /* Assets.xcassets */; };
		74E8E6C1258CC660005591B4 /* LaunchScreen.storyboard in Resources */ = {isa = PBXBuildFile; fileRef = 74E8E6BF258CC660005591B4 /* LaunchScreen.storyboard */; };
		74E8E6CA258CCAA0005591B4 /* InitialView.xib in Resources */ = {isa = PBXBuildFile; fileRef = 74E8E6C9258CCAA0005591B4 /* InitialView.xib */; };
		B35B25D7BA8C9BA66E421126 /* Pods_Homework_2.framework in Frameworks */ = {isa = PBXBuildFile; fileRef = 33D58F522624703637A20BF1 /* Pods_Homework_2.framework */; };
/* End PBXBuildFile section */

/* Begin PBXFileReference section */
		33D58F522624703637A20BF1 /* Pods_Homework_2.framework */ = {isa = PBXFileReference; explicitFileType = wrapper.framework; includeInIndex = 0; path = Pods_Homework_2.framework; sourceTree = BUILT_PRODUCTS_DIR; };
		74DE4A85258CD2EA00542BA7 /* InitialView.swift */ = {isa = PBXFileReference; lastKnownFileType = sourcecode.swift; path = InitialView.swift; sourceTree = "<group>"; };
		74DE4A89258CD44F00542BA7 /* StartViewController.swift */ = {isa = PBXFileReference; lastKnownFileType = sourcecode.swift; path = StartViewController.swift; sourceTree = "<group>"; };
		74DE4A8A258CD44F00542BA7 /* StartViewController.xib */ = {isa = PBXFileReference; lastKnownFileType = file.xib; path = StartViewController.xib; sourceTree = "<group>"; };
		74DE4A95258CE7A900542BA7 /* DesignableView.swift */ = {isa = PBXFileReference; lastKnownFileType = sourcecode.swift; path = DesignableView.swift; sourceTree = "<group>"; };
		74E8E6B1258CC65F005591B4 /* Homework_2.app */ = {isa = PBXFileReference; explicitFileType = wrapper.application; includeInIndex = 0; path = Homework_2.app; sourceTree = BUILT_PRODUCTS_DIR; };
		74E8E6B4258CC65F005591B4 /* AppDelegate.swift */ = {isa = PBXFileReference; lastKnownFileType = sourcecode.swift; path = AppDelegate.swift; sourceTree = "<group>"; };
		74E8E6B6258CC65F005591B4 /* SceneDelegate.swift */ = {isa = PBXFileReference; lastKnownFileType = sourcecode.swift; path = SceneDelegate.swift; sourceTree = "<group>"; };
		74E8E6B8258CC65F005591B4 /* ViewController.swift */ = {isa = PBXFileReference; lastKnownFileType = sourcecode.swift; path = ViewController.swift; sourceTree = "<group>"; };
		74E8E6BB258CC65F005591B4 /* Base */ = {isa = PBXFileReference; lastKnownFileType = file.storyboard; name = Base; path = Base.lproj/Main.storyboard; sourceTree = "<group>"; };
		74E8E6BD258CC660005591B4 /* Assets.xcassets */ = {isa = PBXFileReference; lastKnownFileType = folder.assetcatalog; path = Assets.xcassets; sourceTree = "<group>"; };
		74E8E6C0258CC660005591B4 /* Base */ = {isa = PBXFileReference; lastKnownFileType = file.storyboard; name = Base; path = Base.lproj/LaunchScreen.storyboard; sourceTree = "<group>"; };
		74E8E6C2258CC660005591B4 /* Info.plist */ = {isa = PBXFileReference; lastKnownFileType = text.plist.xml; path = Info.plist; sourceTree = "<group>"; };
		74E8E6C9258CCAA0005591B4 /* InitialView.xib */ = {isa = PBXFileReference; lastKnownFileType = file.xib; path = InitialView.xib; sourceTree = "<group>"; };
		A870137B82CF00B673FBDDF2 /* Pods-Homework_2.debug.xcconfig */ = {isa = PBXFileReference; includeInIndex = 1; lastKnownFileType = text.xcconfig; name = "Pods-Homework_2.debug.xcconfig"; path = "Target Support Files/Pods-Homework_2/Pods-Homework_2.debug.xcconfig"; sourceTree = "<group>"; };
		FA3B7A8843B0A12D7C4DA93E /* Pods-Homework_2.release.xcconfig */ = {isa = PBXFileReference; includeInIndex = 1; lastKnownFileType = text.xcconfig; name = "Pods-Homework_2.release.xcconfig"; path = "Target Support Files/Pods-Homework_2/Pods-Homework_2.release.xcconfig"; sourceTree = "<group>"; };
/* End PBXFileReference section */

/* Begin PBXFrameworksBuildPhase section */
		74E8E6AE258CC65F005591B4 /* Frameworks */ = {
			isa = PBXFrameworksBuildPhase;
			buildActionMask = 2147483647;
			files = (
				B35B25D7BA8C9BA66E421126 /* Pods_Homework_2.framework in Frameworks */,
			);
			runOnlyForDeploymentPostprocessing = 0;
		};
/* End PBXFrameworksBuildPhase section */

/* Begin PBXGroup section */
		2B5A6279F6F45E6F7F0BE693 /* Frameworks */ = {
			isa = PBXGroup;
			children = (
				33D58F522624703637A20BF1 /* Pods_Homework_2.framework */,
			);
			name = Frameworks;
			sourceTree = "<group>";
		};
		74DE4A88258CD43500542BA7 /* Start */ = {
			isa = PBXGroup;
			children = (
				74DE4A89258CD44F00542BA7 /* StartViewController.swift */,
				74DE4A8A258CD44F00542BA7 /* StartViewController.xib */,
			);
			path = Start;
			sourceTree = "<group>";
		};
		74E8E6A8258CC65F005591B4 = {
			isa = PBXGroup;
			children = (
				74E8E6B3258CC65F005591B4 /* Homework_2 */,
				74E8E6B2258CC65F005591B4 /* Products */,
				8826F2920914AC4AF84B543F /* Pods */,
				2B5A6279F6F45E6F7F0BE693 /* Frameworks */,
			);
			sourceTree = "<group>";
		};
		74E8E6B2258CC65F005591B4 /* Products */ = {
			isa = PBXGroup;
			children = (
				74E8E6B1258CC65F005591B4 /* Homework_2.app */,
			);
			name = Products;
			sourceTree = "<group>";
		};
		74E8E6B3258CC65F005591B4 /* Homework_2 */ = {
			isa = PBXGroup;
			children = (
				74DE4A88258CD43500542BA7 /* Start */,
				74E8E6B4258CC65F005591B4 /* AppDelegate.swift */,
				74E8E6B6258CC65F005591B4 /* SceneDelegate.swift */,
				74E8E6B8258CC65F005591B4 /* ViewController.swift */,
				74E8E6BA258CC65F005591B4 /* Main.storyboard */,
				74E8E6C9258CCAA0005591B4 /* InitialView.xib */,
				74E8E6BD258CC660005591B4 /* Assets.xcassets */,
				74E8E6BF258CC660005591B4 /* LaunchScreen.storyboard */,
				74E8E6C2258CC660005591B4 /* Info.plist */,
				74DE4A85258CD2EA00542BA7 /* InitialView.swift */,
				74DE4A95258CE7A900542BA7 /* DesignableView.swift */,
			);
			path = Homework_2;
			sourceTree = "<group>";
		};
		8826F2920914AC4AF84B543F /* Pods */ = {
			isa = PBXGroup;
			children = (
				A870137B82CF00B673FBDDF2 /* Pods-Homework_2.debug.xcconfig */,
				FA3B7A8843B0A12D7C4DA93E /* Pods-Homework_2.release.xcconfig */,
			);
			path = Pods;
			sourceTree = "<group>";
		};
/* End PBXGroup section */

/* Begin PBXNativeTarget section */
		74E8E6B0258CC65F005591B4 /* Homework_2 */ = {
			isa = PBXNativeTarget;
			buildConfigurationList = 74E8E6C5258CC660005591B4 /* Build configuration list for PBXNativeTarget "Homework_2" */;
			buildPhases = (
				66BCC93590F9149942375E5E /* [CP] Check Pods Manifest.lock */,
				74E8E6AD258CC65F005591B4 /* Sources */,
				74E8E6AE258CC65F005591B4 /* Frameworks */,
				74E8E6AF258CC65F005591B4 /* Resources */,
				8500724D7B58330313F2BEDB /* [CP] Embed Pods Frameworks */,
			);
			buildRules = (
			);
			dependencies = (
			);
			name = Homework_2;
			productName = Homework_2;
			productReference = 74E8E6B1258CC65F005591B4 /* Homework_2.app */;
			productType = "com.apple.product-type.application";
		};
/* End PBXNativeTarget section */

/* Begin PBXProject section */
		74E8E6A9258CC65F005591B4 /* Project object */ = {
			isa = PBXProject;
			attributes = {
				LastSwiftUpdateCheck = 1220;
				LastUpgradeCheck = 1220;
				TargetAttributes = {
					74E8E6B0258CC65F005591B4 = {
						CreatedOnToolsVersion = 12.2;
					};
				};
			};
			buildConfigurationList = 74E8E6AC258CC65F005591B4 /* Build configuration list for PBXProject "Homework_2" */;
			compatibilityVersion = "Xcode 9.3";
			developmentRegion = en;
			hasScannedForEncodings = 0;
			knownRegions = (
				en,
				Base,
			);
			mainGroup = 74E8E6A8258CC65F005591B4;
			productRefGroup = 74E8E6B2258CC65F005591B4 /* Products */;
			projectDirPath = "";
			projectRoot = "";
			targets = (
				74E8E6B0258CC65F005591B4 /* Homework_2 */,
			);
		};
/* End PBXProject section */

/* Begin PBXResourcesBuildPhase section */
		74E8E6AF258CC65F005591B4 /* Resources */ = {
			isa = PBXResourcesBuildPhase;
			buildActionMask = 2147483647;
			files = (
				74E8E6C1258CC660005591B4 /* LaunchScreen.storyboard in Resources */,
				74E8E6CA258CCAA0005591B4 /* InitialView.xib in Resources */,
				74E8E6BE258CC660005591B4 /* Assets.xcassets in Resources */,
				74E8E6BC258CC65F005591B4 /* Main.storyboard in Resources */,
				74DE4A8C258CD44F00542BA7 /* StartViewController.xib in Resources */,
			);
			runOnlyForDeploymentPostprocessing = 0;
		};
/* End PBXResourcesBuildPhase section */

/* Begin PBXShellScriptBuildPhase section */
		66BCC93590F9149942375E5E /* [CP] Check Pods Manifest.lock */ = {
			isa = PBXShellScriptBuildPhase;
			buildActionMask = 2147483647;
			files = (
			);
			inputFileListPaths = (
			);
			inputPaths = (
				"${PODS_PODFILE_DIR_PATH}/Podfile.lock",
				"${PODS_ROOT}/Manifest.lock",
			);
			name = "[CP] Check Pods Manifest.lock";
			outputFileListPaths = (
			);
			outputPaths = (
				"$(DERIVED_FILE_DIR)/Pods-Homework_2-checkManifestLockResult.txt",
			);
			runOnlyForDeploymentPostprocessing = 0;
			shellPath = /bin/sh;
			shellScript = "diff \"${PODS_PODFILE_DIR_PATH}/Podfile.lock\" \"${PODS_ROOT}/Manifest.lock\" > /dev/null\nif [ $? != 0 ] ; then\n    # print error to STDERR\n    echo \"error: The sandbox is not in sync with the Podfile.lock. Run 'pod install' or update your CocoaPods installation.\" >&2\n    exit 1\nfi\n# This output is used by Xcode 'outputs' to avoid re-running this script phase.\necho \"SUCCESS\" > \"${SCRIPT_OUTPUT_FILE_0}\"\n";
			showEnvVarsInLog = 0;
		};
		8500724D7B58330313F2BEDB /* [CP] Embed Pods Frameworks */ = {
			isa = PBXShellScriptBuildPhase;
			buildActionMask = 2147483647;
			files = (
			);
			inputFileListPaths = (
				"${PODS_ROOT}/Target Support Files/Pods-Homework_2/Pods-Homework_2-frameworks-${CONFIGURATION}-input-files.xcfilelist",
			);
			name = "[CP] Embed Pods Frameworks";
			outputFileListPaths = (
				"${PODS_ROOT}/Target Support Files/Pods-Homework_2/Pods-Homework_2-frameworks-${CONFIGURATION}-output-files.xcfilelist",
			);
			runOnlyForDeploymentPostprocessing = 0;
			shellPath = /bin/sh;
			shellScript = "\"${PODS_ROOT}/Target Support Files/Pods-Homework_2/Pods-Homework_2-frameworks.sh\"\n";
			showEnvVarsInLog = 0;
		};
/* End PBXShellScriptBuildPhase section */

/* Begin PBXSourcesBuildPhase section */
		74E8E6AD258CC65F005591B4 /* Sources */ = {
			isa = PBXSourcesBuildPhase;
			buildActionMask = 2147483647;
			files = (
				74DE4A8B258CD44F00542BA7 /* StartViewController.swift in Sources */,
				74E8E6B9258CC65F005591B4 /* ViewController.swift in Sources */,
				74DE4A96258CE7A900542BA7 /* DesignableView.swift in Sources */,
				74DE4A86258CD2EA00542BA7 /* InitialView.swift in Sources */,
				74E8E6B5258CC65F005591B4 /* AppDelegate.swift in Sources */,
				74E8E6B7258CC65F005591B4 /* SceneDelegate.swift in Sources */,
			);
			runOnlyForDeploymentPostprocessing = 0;
		};
/* End PBXSourcesBuildPhase section */

/* Begin PBXVariantGroup section */
		74E8E6BA258CC65F005591B4 /* Main.storyboard */ = {
			isa = PBXVariantGroup;
			children = (
				74E8E6BB258CC65F005591B4 /* Base */,
			);
			name = Main.storyboard;
			sourceTree = "<group>";
		};
		74E8E6BF258CC660005591B4 /* LaunchScreen.storyboard */ = {
			isa = PBXVariantGroup;
			children = (
				74E8E6C0258CC660005591B4 /* Base */,
			);
			name = LaunchScreen.storyboard;
			sourceTree = "<group>";
		};
/* End PBXVariantGroup section */

/* Begin XCBuildConfiguration section */
		74E8E6C3258CC660005591B4 /* Debug */ = {
			isa = XCBuildConfiguration;
			buildSettings = {
				ALWAYS_SEARCH_USER_PATHS = NO;
				CLANG_ANALYZER_NONNULL = YES;
				CLANG_ANALYZER_NUMBER_OBJECT_CONVERSION = YES_AGGRESSIVE;
				CLANG_CXX_LANGUAGE_STANDARD = "gnu++14";
				CLANG_CXX_LIBRARY = "libc++";
				CLANG_ENABLE_MODULES = YES;
				CLANG_ENABLE_OBJC_ARC = YES;
				CLANG_ENABLE_OBJC_WEAK = YES;
				CLANG_WARN_BLOCK_CAPTURE_AUTORELEASING = YES;
				CLANG_WARN_BOOL_CONVERSION = YES;
				CLANG_WARN_COMMA = YES;
				CLANG_WARN_CONSTANT_CONVERSION = YES;
				CLANG_WARN_DEPRECATED_OBJC_IMPLEMENTATIONS = YES;
				CLANG_WARN_DIRECT_OBJC_ISA_USAGE = YES_ERROR;
				CLANG_WARN_DOCUMENTATION_COMMENTS = YES;
				CLANG_WARN_EMPTY_BODY = YES;
				CLANG_WARN_ENUM_CONVERSION = YES;
				CLANG_WARN_INFINITE_RECURSION = YES;
				CLANG_WARN_INT_CONVERSION = YES;
				CLANG_WARN_NON_LITERAL_NULL_CONVERSION = YES;
				CLANG_WARN_OBJC_IMPLICIT_RETAIN_SELF = YES;
				CLANG_WARN_OBJC_LITERAL_CONVERSION = YES;
				CLANG_WARN_OBJC_ROOT_CLASS = YES_ERROR;
				CLANG_WARN_QUOTED_INCLUDE_IN_FRAMEWORK_HEADER = YES;
				CLANG_WARN_RANGE_LOOP_ANALYSIS = YES;
				CLANG_WARN_STRICT_PROTOTYPES = YES;
				CLANG_WARN_SUSPICIOUS_MOVE = YES;
				CLANG_WARN_UNGUARDED_AVAILABILITY = YES_AGGRESSIVE;
				CLANG_WARN_UNREACHABLE_CODE = YES;
				CLANG_WARN__DUPLICATE_METHOD_MATCH = YES;
				COPY_PHASE_STRIP = NO;
				DEBUG_INFORMATION_FORMAT = dwarf;
				ENABLE_STRICT_OBJC_MSGSEND = YES;
				ENABLE_TESTABILITY = YES;
				GCC_C_LANGUAGE_STANDARD = gnu11;
				GCC_DYNAMIC_NO_PIC = NO;
				GCC_NO_COMMON_BLOCKS = YES;
				GCC_OPTIMIZATION_LEVEL = 0;
				GCC_PREPROCESSOR_DEFINITIONS = (
					"DEBUG=1",
					"$(inherited)",
				);
				GCC_WARN_64_TO_32_BIT_CONVERSION = YES;
				GCC_WARN_ABOUT_RETURN_TYPE = YES_ERROR;
				GCC_WARN_UNDECLARED_SELECTOR = YES;
				GCC_WARN_UNINITIALIZED_AUTOS = YES_AGGRESSIVE;
				GCC_WARN_UNUSED_FUNCTION = YES;
				GCC_WARN_UNUSED_VARIABLE = YES;
				IPHONEOS_DEPLOYMENT_TARGET = 14.2;
				MTL_ENABLE_DEBUG_INFO = INCLUDE_SOURCE;
				MTL_FAST_MATH = YES;
				ONLY_ACTIVE_ARCH = YES;
				SDKROOT = iphoneos;
				SWIFT_ACTIVE_COMPILATION_CONDITIONS = DEBUG;
				SWIFT_OPTIMIZATION_LEVEL = "-Onone";
			};
			name = Debug;
		};
		74E8E6C4258CC660005591B4 /* Release */ = {
			isa = XCBuildConfiguration;
			buildSettings = {
				ALWAYS_SEARCH_USER_PATHS = NO;
				CLANG_ANALYZER_NONNULL = YES;
				CLANG_ANALYZER_NUMBER_OBJECT_CONVERSION = YES_AGGRESSIVE;
				CLANG_CXX_LANGUAGE_STANDARD = "gnu++14";
				CLANG_CXX_LIBRARY = "libc++";
				CLANG_ENABLE_MODULES = YES;
				CLANG_ENABLE_OBJC_ARC = YES;
				CLANG_ENABLE_OBJC_WEAK = YES;
				CLANG_WARN_BLOCK_CAPTURE_AUTORELEASING = YES;
				CLANG_WARN_BOOL_CONVERSION = YES;
				CLANG_WARN_COMMA = YES;
				CLANG_WARN_CONSTANT_CONVERSION = YES;
				CLANG_WARN_DEPRECATED_OBJC_IMPLEMENTATIONS = YES;
				CLANG_WARN_DIRECT_OBJC_ISA_USAGE = YES_ERROR;
				CLANG_WARN_DOCUMENTATION_COMMENTS = YES;
				CLANG_WARN_EMPTY_BODY = YES;
				CLANG_WARN_ENUM_CONVERSION = YES;
				CLANG_WARN_INFINITE_RECURSION = YES;
				CLANG_WARN_INT_CONVERSION = YES;
				CLANG_WARN_NON_LITERAL_NULL_CONVERSION = YES;
				CLANG_WARN_OBJC_IMPLICIT_RETAIN_SELF = YES;
				CLANG_WARN_OBJC_LITERAL_CONVERSION = YES;
				CLANG_WARN_OBJC_ROOT_CLASS = YES_ERROR;
				CLANG_WARN_QUOTED_INCLUDE_IN_FRAMEWORK_HEADER = YES;
				CLANG_WARN_RANGE_LOOP_ANALYSIS = YES;
				CLANG_WARN_STRICT_PROTOTYPES = YES;
				CLANG_WARN_SUSPICIOUS_MOVE = YES;
				CLANG_WARN_UNGUARDED_AVAILABILITY = YES_AGGRESSIVE;
				CLANG_WARN_UNREACHABLE_CODE = YES;
				CLANG_WARN__DUPLICATE_METHOD_MATCH = YES;
				COPY_PHASE_STRIP = NO;
				DEBUG_INFORMATION_FORMAT = "dwarf-with-dsym";
				ENABLE_NS_ASSERTIONS = NO;
				ENABLE_STRICT_OBJC_MSGSEND = YES;
				GCC_C_LANGUAGE_STANDARD = gnu11;
				GCC_NO_COMMON_BLOCKS = YES;
				GCC_WARN_64_TO_32_BIT_CONVERSION = YES;
				GCC_WARN_ABOUT_RETURN_TYPE = YES_ERROR;
				GCC_WARN_UNDECLARED_SELECTOR = YES;
				GCC_WARN_UNINITIALIZED_AUTOS = YES_AGGRESSIVE;
				GCC_WARN_UNUSED_FUNCTION = YES;
				GCC_WARN_UNUSED_VARIABLE = YES;
				IPHONEOS_DEPLOYMENT_TARGET = 14.2;
				MTL_ENABLE_DEBUG_INFO = NO;
				MTL_FAST_MATH = YES;
				SDKROOT = iphoneos;
				SWIFT_COMPILATION_MODE = wholemodule;
				SWIFT_OPTIMIZATION_LEVEL = "-O";
				VALIDATE_PRODUCT = YES;
			};
			name = Release;
		};
		74E8E6C6258CC660005591B4 /* Debug */ = {
			isa = XCBuildConfiguration;
			baseConfigurationReference = A870137B82CF00B673FBDDF2 /* Pods-Homework_2.debug.xcconfig */;
			buildSettings = {
				ASSETCATALOG_COMPILER_APPICON_NAME = AppIcon;
				ASSETCATALOG_COMPILER_GLOBAL_ACCENT_COLOR_NAME = AccentColor;
				CODE_SIGN_STYLE = Automatic;
				DEVELOPMENT_TEAM = 5238FCNJHS;
				INFOPLIST_FILE = Homework_2/Info.plist;
				LD_RUNPATH_SEARCH_PATHS = (
					"$(inherited)",
					"@executable_path/Frameworks",
				);
				PRODUCT_BUNDLE_IDENTIFIER = "com.vwf.Homework-2";
				PRODUCT_NAME = "$(TARGET_NAME)";
				SWIFT_VERSION = 5.0;
				TARGETED_DEVICE_FAMILY = "1,2";
			};
			name = Debug;
		};
		74E8E6C7258CC660005591B4 /* Release */ = {
			isa = XCBuildConfiguration;
			baseConfigurationReference = FA3B7A8843B0A12D7C4DA93E /* Pods-Homework_2.release.xcconfig */;
			buildSettings = {
				ASSETCATALOG_COMPILER_APPICON_NAME = AppIcon;
				ASSETCATALOG_COMPILER_GLOBAL_ACCENT_COLOR_NAME = AccentColor;
				CODE_SIGN_STYLE = Automatic;
				DEVELOPMENT_TEAM = 5238FCNJHS;
				INFOPLIST_FILE = Homework_2/Info.plist;
				LD_RUNPATH_SEARCH_PATHS = (
					"$(inherited)",
					"@executable_path/Frameworks",
				);
				PRODUCT_BUNDLE_IDENTIFIER = "com.vwf.Homework-2";
				PRODUCT_NAME = "$(TARGET_NAME)";
				SWIFT_VERSION = 5.0;
				TARGETED_DEVICE_FAMILY = "1,2";
			};
			name = Release;
		};
/* End XCBuildConfiguration section */

/* Begin XCConfigurationList section */
		74E8E6AC258CC65F005591B4 /* Build configuration list for PBXProject "Homework_2" */ = {
			isa = XCConfigurationList;
			buildConfigurations = (
				74E8E6C3258CC660005591B4 /* Debug */,
				74E8E6C4258CC660005591B4 /* Release */,
			);
			defaultConfigurationIsVisible = 0;
			defaultConfigurationName = Release;
		};
		74E8E6C5258CC660005591B4 /* Build configuration list for PBXNativeTarget "Homework_2" */ = {
			isa = XCConfigurationList;
			buildConfigurations = (
				74E8E6C6258CC660005591B4 /* Debug */,
				74E8E6C7258CC660005591B4 /* Release */,
			);
			defaultConfigurationIsVisible = 0;
			defaultConfigurationName = Release;
		};
/* End XCConfigurationList section */
	};
	rootObject = 74E8E6A9258CC65F005591B4 /* Project object */;
}
